
Microsoft Visual Studio Solution File, Format Version 12.00
# Visual Studio 15
Project("{FAE04EC0-301F-11D3-BF4B-00C04F79EFBC}") = "Assembly-CSharp", "Assembly-CSharp.csproj", "{F849BFFA-2F9F-AD5E-3E88-58CBD9D19AD5}"
EndProject
Project("{FAE04EC0-301F-11D3-BF4B-00C04F79EFBC}") = "SimpleWebTransport", "SimpleWebTransport.csproj", "{3D7B51FF-1831-7A7E-CFA9-9CEB8A7282DE}"
EndProject
Project("{FAE04EC0-301F-11D3-BF4B-00C04F79EFBC}") = "Mirror", "Mirror.csproj", "{1FAE025B-4787-E203-8858-49B19E651747}"
EndProject
Project("{FAE04EC0-301F-11D3-BF4B-00C04F79EFBC}") = "Mirror.Transports", "Mirror.Transports.csproj", "{9A0F6628-45A8-F927-7A70-8D02B73897F0}"
EndProject
Project("{FAE04EC0-301F-11D3-BF4B-00C04F79EFBC}") = "Mirror.Components", "Mirror.Components.csproj", "{0805A993-E235-EF24-AFB1-3F014BF5949E}"
EndProject
Project("{FAE04EC0-301F-11D3-BF4B-00C04F79EFBC}") = "Mirror.Examples", "Mirror.Examples.csproj", "{3EBD8C81-E427-9870-741F-6B08EBD64D1A}"
EndProject
Project("{FAE04EC0-301F-11D3-BF4B-00C04F79EFBC}") = "kcp2k", "kcp2k.csproj", "{BD067320-FC20-6A08-36A7-C651F39FC31D}"
EndProject
Project("{FAE04EC0-301F-11D3-BF4B-00C04F79EFBC}") = "Mirror.Authenticators", "Mirror.Authenticators.csproj", "{B3EFCAC1-CB7B-AE28-3F2A-54E78D7788A3}"
EndProject
Project("{FAE04EC0-301F-11D3-BF4B-00C04F79EFBC}") = "Telepathy", "Telepathy.csproj", "{2FF51DE6-E7B9-2990-F776-C159EE46F912}"
EndProject
Project("{FAE04EC0-301F-11D3-BF4B-00C04F79EFBC}") = "Mirror.Hosting", "Mirror.Hosting.csproj", "{2B853226-43D8-A700-5E21-9355D7FB8283}"
EndProject
Project("{FAE04EC0-301F-11D3-BF4B-00C04F79EFBC}") = "Unity.Mirror.CodeGen", "Unity.Mirror.CodeGen.csproj", "{BB1E1ECB-04C2-F96C-1AB7-702B05FE6A35}"
EndProject
Project("{FAE04EC0-301F-11D3-BF4B-00C04F79EFBC}") = "Mirror.Editor", "Mirror.Editor.csproj", "{7421A8EB-0823-D679-27BA-8E4255FF6A39}"
EndProject
Project("{FAE04EC0-301F-11D3-BF4B-00C04F79EFBC}") = "Mirror.CompilerSymbols", "Mirror.CompilerSymbols.csproj", "{80127D40-956E-62C7-FBD7-7DF7D8610681}"
EndProject
Project("{FAE04EC0-301F-11D3-BF4B-00C04F79EFBC}") = "EncryptionTransportEditor", "EncryptionTransportEditor.csproj", "{0801C077-0E4F-AEFA-2202-CDECE04F1341}"
EndProject
Global
	GlobalSection(SolutionConfigurationPlatforms) = preSolution
		Debug|Any CPU = Debug|Any CPU
		Release|Any CPU = Release|Any CPU
	EndGlobalSection
	GlobalSection(ProjectConfigurationPlatforms) = postSolution
		{F849BFFA-2F9F-AD5E-3E88-58CBD9D19AD5}.Debug|Any CPU.ActiveCfg = Debug|Any CPU
		{F849BFFA-2F9F-AD5E-3E88-58CBD9D19AD5}.Debug|Any CPU.Build.0 = Debug|Any CPU
		{F849BFFA-2F9F-AD5E-3E88-58CBD9D19AD5}.Release|Any CPU.ActiveCfg = Release|Any CPU
		{F849BFFA-2F9F-AD5E-3E88-58CBD9D19AD5}.Release|Any CPU.Build.0 = Release|Any CPU
		{3D7B51FF-1831-7A7E-CFA9-9CEB8A7282DE}.Debug|Any CPU.ActiveCfg = Debug|Any CPU
		{3D7B51FF-1831-7A7E-CFA9-9CEB8A7282DE}.Debug|Any CPU.Build.0 = Debug|Any CPU
		{3D7B51FF-1831-7A7E-CFA9-9CEB8A7282DE}.Release|Any CPU.ActiveCfg = Release|Any CPU
		{3D7B51FF-1831-7A7E-CFA9-9CEB8A7282DE}.Release|Any CPU.Build.0 = Release|Any CPU
		{1FAE025B-4787-E203-8858-49B19E651747}.Debug|Any CPU.ActiveCfg = Debug|Any CPU
		{1FAE025B-4787-E203-8858-49B19E651747}.Debug|Any CPU.Build.0 = Debug|Any CPU
		{1FAE025B-4787-E203-8858-49B19E651747}.Release|Any CPU.ActiveCfg = Release|Any CPU
		{1FAE025B-4787-E203-8858-49B19E651747}.Release|Any CPU.Build.0 = Release|Any CPU
		{9A0F6628-45A8-F927-7A70-8D02B73897F0}.Debug|Any CPU.ActiveCfg = Debug|Any CPU
		{9A0F6628-45A8-F927-7A70-8D02B73897F0}.Debug|Any CPU.Build.0 = Debug|Any CPU
		{9A0F6628-45A8-F927-7A70-8D02B73897F0}.Release|Any CPU.ActiveCfg = Release|Any CPU
		{9A0F6628-45A8-F927-7A70-8D02B73897F0}.Release|Any CPU.Build.0 = Release|Any CPU
		{0805A993-E235-EF24-AFB1-3F014BF5949E}.Debug|Any CPU.ActiveCfg = Debug|Any CPU
		{0805A993-E235-EF24-AFB1-3F014BF5949E}.Debug|Any CPU.Build.0 = Debug|Any CPU
		{0805A993-E235-EF24-AFB1-3F014BF5949E}.Release|Any CPU.ActiveCfg = Release|Any CPU
		{0805A993-E235-EF24-AFB1-3F014BF5949E}.Release|Any CPU.Build.0 = Release|Any CPU
		{3EBD8C81-E427-9870-741F-6B08EBD64D1A}.Debug|Any CPU.ActiveCfg = Debug|Any CPU
		{3EBD8C81-E427-9870-741F-6B08EBD64D1A}.Debug|Any CPU.Build.0 = Debug|Any CPU
		{3EBD8C81-E427-9870-741F-6B08EBD64D1A}.Release|Any CPU.ActiveCfg = Release|Any CPU
		{3EBD8C81-E427-9870-741F-6B08EBD64D1A}.Release|Any CPU.Build.0 = Release|Any CPU
		{BD067320-FC20-6A08-36A7-C651F39FC31D}.Debug|Any CPU.ActiveCfg = Debug|Any CPU
		{BD067320-FC20-6A08-36A7-C651F39FC31D}.Debug|Any CPU.Build.0 = Debug|Any CPU
		{BD067320-FC20-6A08-36A7-C651F39FC31D}.Release|Any CPU.ActiveCfg = Release|Any CPU
		{BD067320-FC20-6A08-36A7-C651F39FC31D}.Release|Any CPU.Build.0 = Release|Any CPU
		{B3EFCAC1-CB7B-AE28-3F2A-54E78D7788A3}.Debug|Any CPU.ActiveCfg = Debug|Any CPU
		{B3EFCAC1-CB7B-AE28-3F2A-54E78D7788A3}.Debug|Any CPU.Build.0 = Debug|Any CPU
		{B3EFCAC1-CB7B-AE28-3F2A-54E78D7788A3}.Release|Any CPU.ActiveCfg = Release|Any CPU
		{B3EFCAC1-CB7B-AE28-3F2A-54E78D7788A3}.Release|Any CPU.Build.0 = Release|Any CPU
		{2FF51DE6-E7B9-2990-F776-C159EE46F912}.Debug|Any CPU.ActiveCfg = Debug|Any CPU
		{2FF51DE6-E7B9-2990-F776-C159EE46F912}.Debug|Any CPU.Build.0 = Debug|Any CPU
		{2FF51DE6-E7B9-2990-F776-C159EE46F912}.Release|Any CPU.ActiveCfg = Release|Any CPU
		{2FF51DE6-E7B9-2990-F776-C159EE46F912}.Release|Any CPU.Build.0 = Release|Any CPU
		{2B853226-43D8-A700-5E21-9355D7FB8283}.Debug|Any CPU.ActiveCfg = Debug|Any CPU
		{2B853226-43D8-A700-5E21-9355D7FB8283}.Debug|Any CPU.Build.0 = Debug|Any CPU
		{2B853226-43D8-A700-5E21-9355D7FB8283}.Release|Any CPU.ActiveCfg = Release|Any CPU
		{2B853226-43D8-A700-5E21-9355D7FB8283}.Release|Any CPU.Build.0 = Release|Any CPU
		{BB1E1ECB-04C2-F96C-1AB7-702B05FE6A35}.Debug|Any CPU.ActiveCfg = Debug|Any CPU
		{BB1E1ECB-04C2-F96C-1AB7-702B05FE6A35}.Debug|Any CPU.Build.0 = Debug|Any CPU
		{BB1E1ECB-04C2-F96C-1AB7-702B05FE6A35}.Release|Any CPU.ActiveCfg = Release|Any CPU
		{BB1E1ECB-04C2-F96C-1AB7-702B05FE6A35}.Release|Any CPU.Build.0 = Release|Any CPU
		{7421A8EB-0823-D679-27BA-8E4255FF6A39}.Debug|Any CPU.ActiveCfg = Debug|Any CPU
		{7421A8EB-0823-D679-27BA-8E4255FF6A39}.Debug|Any CPU.Build.0 = Debug|Any CPU
		{7421A8EB-0823-D679-27BA-8E4255FF6A39}.Release|Any CPU.ActiveCfg = Release|Any CPU
		{7421A8EB-0823-D679-27BA-8E4255FF6A39}.Release|Any CPU.Build.0 = Release|Any CPU
		{80127D40-956E-62C7-FBD7-7DF7D8610681}.Debug|Any CPU.ActiveCfg = Debug|Any CPU
		{80127D40-956E-62C7-FBD7-7DF7D8610681}.Debug|Any CPU.Build.0 = Debug|Any CPU
		{80127D40-956E-62C7-FBD7-7DF7D8610681}.Release|Any CPU.ActiveCfg = Release|Any CPU
		{80127D40-956E-62C7-FBD7-7DF7D8610681}.Release|Any CPU.Build.0 = Release|Any CPU
		{0801C077-0E4F-AEFA-2202-CDECE04F1341}.Debug|Any CPU.ActiveCfg = Debug|Any CPU
		{0801C077-0E4F-AEFA-2202-CDECE04F1341}.Debug|Any CPU.Build.0 = Debug|Any CPU
		{0801C077-0E4F-AEFA-2202-CDECE04F1341}.Release|Any CPU.ActiveCfg = Release|Any CPU
		{0801C077-0E4F-AEFA-2202-CDECE04F1341}.Release|Any CPU.Build.0 = Release|Any CPU
	EndGlobalSection
	GlobalSection(SolutionProperties) = preSolution
		HideSolutionNode = FALSE
	EndGlobalSection
EndGlobal
